
Microsoft Visual Studio Solution File, Format Version 12.00
# Visual Studio Version 16
VisualStudioVersion = 16.0.32106.194
MinimumVisualStudioVersion = 10.0.40219.1
Project("{B1E792BE-AA5F-4E3C-8C82-674BF9C0715B}") = "mdx91_tryout", "mdx91_tryout.tsproj", "{5AACA9E4-7288-48E9-9C95-D944D5AB94C4}"
EndProject
Global
	GlobalSection(SolutionConfigurationPlatforms) = preSolution
		Debug|TwinCAT CE7 (ARMV7) = Debug|TwinCAT CE7 (ARMV7)
		Debug|TwinCAT OS (ARMT2) = Debug|TwinCAT OS (ARMT2)
		Debug|TwinCAT RT (x64) = Debug|TwinCAT RT (x64)
		Debug|TwinCAT RT (x86) = Debug|TwinCAT RT (x86)
		Release|TwinCAT CE7 (ARMV7) = Release|TwinCAT CE7 (ARMV7)
		Release|TwinCAT OS (ARMT2) = Release|TwinCAT OS (ARMT2)
		Release|TwinCAT RT (x64) = Release|TwinCAT RT (x64)
		Release|TwinCAT RT (x86) = Release|TwinCAT RT (x86)
	EndGlobalSection
	GlobalSection(ProjectConfigurationPlatforms) = postSolution
		{5AACA9E4-7288-48E9-9C95-D944D5AB94C4}.Debug|TwinCAT CE7 (ARMV7).ActiveCfg = Debug|TwinCAT CE7 (ARMV7)
		{5AACA9E4-7288-48E9-9C95-D944D5AB94C4}.Debug|TwinCAT CE7 (ARMV7).Build.0 = Debug|TwinCAT CE7 (ARMV7)
		{5AACA9E4-7288-48E9-9C95-D944D5AB94C4}.Debug|TwinCAT OS (ARMT2).ActiveCfg = Debug|TwinCAT OS (ARMT2)
		{5AACA9E4-7288-48E9-9C95-D944D5AB94C4}.Debug|TwinCAT OS (ARMT2).Build.0 = Debug|TwinCAT OS (ARMT2)
		{5AACA9E4-7288-48E9-9C95-D944D5AB94C4}.Debug|TwinCAT RT (x64).ActiveCfg = Debug|TwinCAT RT (x64)
		{5AACA9E4-7288-48E9-9C95-D944D5AB94C4}.Debug|TwinCAT RT (x64).Build.0 = Debug|TwinCAT RT (x64)
		{5AACA9E4-7288-48E9-9C95-D944D5AB94C4}.Debug|TwinCAT RT (x86).ActiveCfg = Debug|TwinCAT RT (x86)
		{5AACA9E4-7288-48E9-9C95-D944D5AB94C4}.Debug|TwinCAT RT (x86).Build.0 = Debug|TwinCAT RT (x86)
		{5AACA9E4-7288-48E9-9C95-D944D5AB94C4}.Release|TwinCAT CE7 (ARMV7).ActiveCfg = Release|TwinCAT CE7 (ARMV7)
		{5AACA9E4-7288-48E9-9C95-D944D5AB94C4}.Release|TwinCAT CE7 (ARMV7).Build.0 = Release|TwinCAT CE7 (ARMV7)
		{5AACA9E4-7288-48E9-9C95-D944D5AB94C4}.Release|TwinCAT OS (ARMT2).ActiveCfg = Release|TwinCAT OS (ARMT2)
		{5AACA9E4-7288-48E9-9C95-D944D5AB94C4}.Release|TwinCAT OS (ARMT2).Build.0 = Release|TwinCAT OS (ARMT2)
		{5AACA9E4-7288-48E9-9C95-D944D5AB94C4}.Release|TwinCAT RT (x64).ActiveCfg = Release|TwinCAT RT (x64)
		{5AACA9E4-7288-48E9-9C95-D944D5AB94C4}.Release|TwinCAT RT (x64).Build.0 = Release|TwinCAT RT (x64)
		{5AACA9E4-7288-48E9-9C95-D944D5AB94C4}.Release|TwinCAT RT (x86).ActiveCfg = Release|TwinCAT RT (x86)
		{5AACA9E4-7288-48E9-9C95-D944D5AB94C4}.Release|TwinCAT RT (x86).Build.0 = Release|TwinCAT RT (x86)
		{580E1435-A830-4795-A3AB-281BA23950E5}.Debug|TwinCAT CE7 (ARMV7).ActiveCfg = Debug|TwinCAT CE7 (ARMV7)
		{580E1435-A830-4795-A3AB-281BA23950E5}.Debug|TwinCAT CE7 (ARMV7).Build.0 = Debug|TwinCAT CE7 (ARMV7)
		{580E1435-A830-4795-A3AB-281BA23950E5}.Debug|TwinCAT OS (ARMT2).ActiveCfg = Debug|TwinCAT OS (ARMT2)
		{580E1435-A830-4795-A3AB-281BA23950E5}.Debug|TwinCAT OS (ARMT2).Build.0 = Debug|TwinCAT OS (ARMT2)
		{580E1435-A830-4795-A3AB-281BA23950E5}.Debug|TwinCAT RT (x64).ActiveCfg = Debug|TwinCAT RT (x64)
		{580E1435-A830-4795-A3AB-281BA23950E5}.Debug|TwinCAT RT (x64).Build.0 = Debug|TwinCAT RT (x64)
		{580E1435-A830-4795-A3AB-281BA23950E5}.Debug|TwinCAT RT (x86).ActiveCfg = Debug|TwinCAT RT (x86)
		{580E1435-A830-4795-A3AB-281BA23950E5}.Debug|TwinCAT RT (x86).Build.0 = Debug|TwinCAT RT (x86)
		{580E1435-A830-4795-A3AB-281BA23950E5}.Release|TwinCAT CE7 (ARMV7).ActiveCfg = Release|TwinCAT CE7 (ARMV7)
		{580E1435-A830-4795-A3AB-281BA23950E5}.Release|TwinCAT CE7 (ARMV7).Build.0 = Release|TwinCAT CE7 (ARMV7)
		{580E1435-A830-4795-A3AB-281BA23950E5}.Release|TwinCAT OS (ARMT2).ActiveCfg = Release|TwinCAT OS (ARMT2)
		{580E1435-A830-4795-A3AB-281BA23950E5}.Release|TwinCAT OS (ARMT2).Build.0 = Release|TwinCAT OS (ARMT2)
		{580E1435-A830-4795-A3AB-281BA23950E5}.Release|TwinCAT RT (x64).ActiveCfg = Release|TwinCAT RT (x64)
		{580E1435-A830-4795-A3AB-281BA23950E5}.Release|TwinCAT RT (x64).Build.0 = Release|TwinCAT RT (x64)
		{580E1435-A830-4795-A3AB-281BA23950E5}.Release|TwinCAT RT (x86).ActiveCfg = Release|TwinCAT RT (x86)
		{580E1435-A830-4795-A3AB-281BA23950E5}.Release|TwinCAT RT (x86).Build.0 = Release|TwinCAT RT (x86)
	EndGlobalSection
	GlobalSection(SolutionProperties) = preSolution
		HideSolutionNode = FALSE
	EndGlobalSection
	GlobalSection(ExtensibilityGlobals) = postSolution
		SolutionGuid = {B390F7AC-3A71-4F7B-BCC2-55AE0A5466A7}
	EndGlobalSection
EndGlobal
